
Microsoft Visual Studio Solution File, Format Version 12.00
# Visual Studio Version 17
VisualStudioVersion = 17.7.34221.43
MinimumVisualStudioVersion = 10.0.40219.1
Project("{888888A0-9F3D-457C-B088-3A5042F75D52}") = "centrala_enhet", "centrala_enhet.pyproj", "{72C670CC-F7FD-40C3-9F7E-3DE92A40A21A}"
EndProject
Global
	GlobalSection(SolutionConfigurationPlatforms) = preSolution
		Debug|Any CPU = Debug|Any CPU
		Release|Any CPU = Release|Any CPU
	EndGlobalSection
	GlobalSection(ProjectConfigurationPlatforms) = postSolution
		{72C670CC-F7FD-40C3-9F7E-3DE92A40A21A}.Debug|Any CPU.ActiveCfg = Debug|Any CPU
		{72C670CC-F7FD-40C3-9F7E-3DE92A40A21A}.Release|Any CPU.ActiveCfg = Release|Any CPU
	EndGlobalSection
	GlobalSection(SolutionProperties) = preSolution
		HideSolutionNode = FALSE
	EndGlobalSection
	GlobalSection(ExtensibilityGlobals) = postSolution
		SolutionGuid = {13F64C34-FFEB-4393-83D4-E13AD2CAD55F}
	EndGlobalSection
EndGlobal
